
Microsoft Visual Studio Solution File, Format Version 12.00
# Visual Studio Version 17
VisualStudioVersion = 17.14.36212.18
MinimumVisualStudioVersion = 10.0.40219.1
Project("{FAE04EC0-301F-11D3-BF4B-00C04F79EFBC}") = "CSharpConcurrency", "CSharpConcurrency\CSharpConcurrency.csproj", "{B75509F1-55D5-4D0E-B45F-0671260DBCAA}"
EndProject
Project("{FAE04EC0-301F-11D3-BF4B-00C04F79EFBC}") = "LoadTestClientAsync", "Book Samples\LoadTestClientAsync\LoadTestClientAsync.csproj", "{C7C1C9EE-E4D9-E014-AB9B-4D71A331A47D}"
EndProject
Project("{FAE04EC0-301F-11D3-BF4B-00C04F79EFBC}") = "LoadTestServerOneRequestPerThread", "Book Samples\LoadTestServerOneRequestPerThread\LoadTestServerOneRequestPerThread.csproj", "{E508FD20-EB5A-7E3F-785E-250AFD2B3C55}"
EndProject
Global
	GlobalSection(SolutionConfigurationPlatforms) = preSolution
		Debug|Any CPU = Debug|Any CPU
		Release|Any CPU = Release|Any CPU
	EndGlobalSection
	GlobalSection(ProjectConfigurationPlatforms) = postSolution
		{B75509F1-55D5-4D0E-B45F-0671260DBCAA}.Debug|Any CPU.ActiveCfg = Debug|Any CPU
		{B75509F1-55D5-4D0E-B45F-0671260DBCAA}.Debug|Any CPU.Build.0 = Debug|Any CPU
		{B75509F1-55D5-4D0E-B45F-0671260DBCAA}.Release|Any CPU.ActiveCfg = Release|Any CPU
		{B75509F1-55D5-4D0E-B45F-0671260DBCAA}.Release|Any CPU.Build.0 = Release|Any CPU
		{C7C1C9EE-E4D9-E014-AB9B-4D71A331A47D}.Debug|Any CPU.ActiveCfg = Debug|Any CPU
		{C7C1C9EE-E4D9-E014-AB9B-4D71A331A47D}.Debug|Any CPU.Build.0 = Debug|Any CPU
		{C7C1C9EE-E4D9-E014-AB9B-4D71A331A47D}.Release|Any CPU.ActiveCfg = Release|Any CPU
		{C7C1C9EE-E4D9-E014-AB9B-4D71A331A47D}.Release|Any CPU.Build.0 = Release|Any CPU
		{E508FD20-EB5A-7E3F-785E-250AFD2B3C55}.Debug|Any CPU.ActiveCfg = Debug|Any CPU
		{E508FD20-EB5A-7E3F-785E-250AFD2B3C55}.Debug|Any CPU.Build.0 = Debug|Any CPU
		{E508FD20-EB5A-7E3F-785E-250AFD2B3C55}.Release|Any CPU.ActiveCfg = Release|Any CPU
		{E508FD20-EB5A-7E3F-785E-250AFD2B3C55}.Release|Any CPU.Build.0 = Release|Any CPU
	EndGlobalSection
	GlobalSection(SolutionProperties) = preSolution
		HideSolutionNode = FALSE
	EndGlobalSection
	GlobalSection(ExtensibilityGlobals) = postSolution
		SolutionGuid = {CA36757F-AC8C-4309-84D0-013EDE00B96A}
	EndGlobalSection
EndGlobal
